
Microsoft Visual Studio Solution File, Format Version 12.00
# Visual Studio 15
VisualStudioVersion = 15.0.28307.168
MinimumVisualStudioVersion = 10.0.40219.1
Project("{8BC9CEB8-8B4A-11D0-8D11-00A0C91BC942}") = "es 5", "es 5.vcxproj", "{D9D33B87-C0E4-4FE7-8E18-E6B2EAE95352}"
EndProject
Global
	GlobalSection(SolutionConfigurationPlatforms) = preSolution
		Debug|x64 = Debug|x64
		Debug|x86 = Debug|x86
		Release|x64 = Release|x64
		Release|x86 = Release|x86
	EndGlobalSection
	GlobalSection(ProjectConfigurationPlatforms) = postSolution
		{D9D33B87-C0E4-4FE7-8E18-E6B2EAE95352}.Debug|x64.ActiveCfg = Debug|x64
		{D9D33B87-C0E4-4FE7-8E18-E6B2EAE95352}.Debug|x64.Build.0 = Debug|x64
		{D9D33B87-C0E4-4FE7-8E18-E6B2EAE95352}.Debug|x86.ActiveCfg = Debug|Win32
		{D9D33B87-C0E4-4FE7-8E18-E6B2EAE95352}.Debug|x86.Build.0 = Debug|Win32
		{D9D33B87-C0E4-4FE7-8E18-E6B2EAE95352}.Release|x64.ActiveCfg = Release|x64
		{D9D33B87-C0E4-4FE7-8E18-E6B2EAE95352}.Release|x64.Build.0 = Release|x64
		{D9D33B87-C0E4-4FE7-8E18-E6B2EAE95352}.Release|x86.ActiveCfg = Release|Win32
		{D9D33B87-C0E4-4FE7-8E18-E6B2EAE95352}.Release|x86.Build.0 = Release|Win32
	EndGlobalSection
	GlobalSection(SolutionProperties) = preSolution
		HideSolutionNode = FALSE
	EndGlobalSection
	GlobalSection(ExtensibilityGlobals) = postSolution
		SolutionGuid = {C8E51E70-61B9-4C20-972F-0383872F8121}
	EndGlobalSection
EndGlobal
