
Microsoft Visual Studio Solution File, Format Version 12.00
# Visual Studio 15
VisualStudioVersion = 15.0.28010.2036
MinimumVisualStudioVersion = 10.0.40219.1
Project("{8BC9CEB8-8B4A-11D0-8D11-00A0C91BC942}") = "es 1 - monete", "es 1 - monete.vcxproj", "{EE484784-A9DE-445E-ADAD-5C5FE037E044}"
EndProject
Global
	GlobalSection(SolutionConfigurationPlatforms) = preSolution
		Debug|x64 = Debug|x64
		Debug|x86 = Debug|x86
		Release|x64 = Release|x64
		Release|x86 = Release|x86
	EndGlobalSection
	GlobalSection(ProjectConfigurationPlatforms) = postSolution
		{EE484784-A9DE-445E-ADAD-5C5FE037E044}.Debug|x64.ActiveCfg = Debug|x64
		{EE484784-A9DE-445E-ADAD-5C5FE037E044}.Debug|x64.Build.0 = Debug|x64
		{EE484784-A9DE-445E-ADAD-5C5FE037E044}.Debug|x86.ActiveCfg = Debug|Win32
		{EE484784-A9DE-445E-ADAD-5C5FE037E044}.Debug|x86.Build.0 = Debug|Win32
		{EE484784-A9DE-445E-ADAD-5C5FE037E044}.Release|x64.ActiveCfg = Release|x64
		{EE484784-A9DE-445E-ADAD-5C5FE037E044}.Release|x64.Build.0 = Release|x64
		{EE484784-A9DE-445E-ADAD-5C5FE037E044}.Release|x86.ActiveCfg = Release|Win32
		{EE484784-A9DE-445E-ADAD-5C5FE037E044}.Release|x86.Build.0 = Release|Win32
	EndGlobalSection
	GlobalSection(SolutionProperties) = preSolution
		HideSolutionNode = FALSE
	EndGlobalSection
	GlobalSection(ExtensibilityGlobals) = postSolution
		SolutionGuid = {7364881D-8412-4371-AC87-E5036B66B465}
	EndGlobalSection
EndGlobal
