
Microsoft Visual Studio Solution File, Format Version 12.00
# Visual Studio 15
VisualStudioVersion = 15.0.28307.168
MinimumVisualStudioVersion = 10.0.40219.1
Project("{8BC9CEB8-8B4A-11D0-8D11-00A0C91BC942}") = "es 4", "es 4.vcxproj", "{B2423DC6-A1FB-4C83-9571-7786A5F4017F}"
EndProject
Global
	GlobalSection(SolutionConfigurationPlatforms) = preSolution
		Debug|x64 = Debug|x64
		Debug|x86 = Debug|x86
		Release|x64 = Release|x64
		Release|x86 = Release|x86
	EndGlobalSection
	GlobalSection(ProjectConfigurationPlatforms) = postSolution
		{B2423DC6-A1FB-4C83-9571-7786A5F4017F}.Debug|x64.ActiveCfg = Debug|x64
		{B2423DC6-A1FB-4C83-9571-7786A5F4017F}.Debug|x64.Build.0 = Debug|x64
		{B2423DC6-A1FB-4C83-9571-7786A5F4017F}.Debug|x86.ActiveCfg = Debug|Win32
		{B2423DC6-A1FB-4C83-9571-7786A5F4017F}.Debug|x86.Build.0 = Debug|Win32
		{B2423DC6-A1FB-4C83-9571-7786A5F4017F}.Release|x64.ActiveCfg = Release|x64
		{B2423DC6-A1FB-4C83-9571-7786A5F4017F}.Release|x64.Build.0 = Release|x64
		{B2423DC6-A1FB-4C83-9571-7786A5F4017F}.Release|x86.ActiveCfg = Release|Win32
		{B2423DC6-A1FB-4C83-9571-7786A5F4017F}.Release|x86.Build.0 = Release|Win32
	EndGlobalSection
	GlobalSection(SolutionProperties) = preSolution
		HideSolutionNode = FALSE
	EndGlobalSection
	GlobalSection(ExtensibilityGlobals) = postSolution
		SolutionGuid = {82E8DD4C-0549-48E8-BB77-2A85A491097B}
	EndGlobalSection
EndGlobal
